// !$*UTF8*$!
{
	archiveVersion = 1;
	classes = {
	};
	objectVersion = 52;
	objects = {

/* Begin PBXBuildFile section */
		DA07215824A8E55400383978 /* Promise.swift in Sources */ = {isa = PBXBuildFile; fileRef = DA07215724A8E55400383978 /* Promise.swift */; };
		DA47B61F24A9CE470088800B /* Promises in Frameworks */ = {isa = PBXBuildFile; productRef = DA47B61E24A9CE470088800B /* Promises */; };
		DA47B62124A9D0260088800B /* RootStrongDependencies.swift in Sources */ = {isa = PBXBuildFile; fileRef = DA47B62024A9D0260088800B /* RootStrongDependencies.swift */; };
		DA591C9D24A5EEF400B24DBB /* AppDelegate.swift in Sources */ = {isa = PBXBuildFile; fileRef = DA591C9C24A5EEF400B24DBB /* AppDelegate.swift */; };
		DA591CA124A5EEF400B24DBB /* RootViewController.swift in Sources */ = {isa = PBXBuildFile; fileRef = DA591CA024A5EEF400B24DBB /* RootViewController.swift */; };
		DA591CA624A5EEF900B24DBB /* Assets.xcassets in Resources */ = {isa = PBXBuildFile; fileRef = DA591CA524A5EEF900B24DBB /* Assets.xcassets */; };
		DA591CA924A5EEF900B24DBB /* LaunchScreen.storyboard in Resources */ = {isa = PBXBuildFile; fileRef = DA591CA724A5EEF900B24DBB /* LaunchScreen.storyboard */; };
		DA591CB424A5EEF900B24DBB /* HHModuleTests.swift in Sources */ = {isa = PBXBuildFile; fileRef = DA591CB324A5EEF900B24DBB /* HHModuleTests.swift */; };
		DA591CBF24A5EEF900B24DBB /* HHModuleUITests.swift in Sources */ = {isa = PBXBuildFile; fileRef = DA591CBE24A5EEF900B24DBB /* HHModuleUITests.swift */; };
		DA591CD224A5EF5E00B24DBB /* Context.swift in Sources */ = {isa = PBXBuildFile; fileRef = DA591CD124A5EF5E00B24DBB /* Context.swift */; };
		DA591CD424A5FDA900B24DBB /* VC1.swift in Sources */ = {isa = PBXBuildFile; fileRef = DA591CD324A5FDA900B24DBB /* VC1.swift */; };
		DA591CD624A5FDB700B24DBB /* VC2.swift in Sources */ = {isa = PBXBuildFile; fileRef = DA591CD524A5FDB700B24DBB /* VC2.swift */; };
		DA591CD824A5FDC300B24DBB /* VC3.swift in Sources */ = {isa = PBXBuildFile; fileRef = DA591CD724A5FDC300B24DBB /* VC3.swift */; };
		DA591CDB24A5FDEE00B24DBB /* Service1.swift in Sources */ = {isa = PBXBuildFile; fileRef = DA591CDA24A5FDEE00B24DBB /* Service1.swift */; };
		DA591CE424A5FE7A00B24DBB /* RootWeakDependencies.swift in Sources */ = {isa = PBXBuildFile; fileRef = DA591CE324A5FE7A00B24DBB /* RootWeakDependencies.swift */; };
		DA591CE624A5FEC300B24DBB /* RootDepInjector.swift in Sources */ = {isa = PBXBuildFile; fileRef = DA591CE524A5FEC300B24DBB /* RootDepInjector.swift */; };
		DA591CE824A6027800B24DBB /* VC2Builder.swift in Sources */ = {isa = PBXBuildFile; fileRef = DA591CE724A6027800B24DBB /* VC2Builder.swift */; };
		DA591CEE24A6040700B24DBB /* VC1Module.swift in Sources */ = {isa = PBXBuildFile; fileRef = DA591CED24A6040700B24DBB /* VC1Module.swift */; };
		DA591CF124A6042D00B24DBB /* Module.swift in Sources */ = {isa = PBXBuildFile; fileRef = DA591CF024A6042D00B24DBB /* Module.swift */; };
		DA591CF324A6065300B24DBB /* VC2Module.swift in Sources */ = {isa = PBXBuildFile; fileRef = DA591CF224A6065300B24DBB /* VC2Module.swift */; };
		DA591CF524A607B400B24DBB /* RootModule.swift in Sources */ = {isa = PBXBuildFile; fileRef = DA591CF424A607B400B24DBB /* RootModule.swift */; };
		DA591CF724A608BB00B24DBB /* Service1Module.swift in Sources */ = {isa = PBXBuildFile; fileRef = DA591CF624A608BB00B24DBB /* Service1Module.swift */; };
		DA591CFC24A6216400B24DBB /* Service2.swift in Sources */ = {isa = PBXBuildFile; fileRef = DA591CFB24A6216400B24DBB /* Service2.swift */; };
		DA591CFE24A6217900B24DBB /* IService2.swift in Sources */ = {isa = PBXBuildFile; fileRef = DA591CFD24A6217900B24DBB /* IService2.swift */; };
		DA591D0124A6220800B24DBB /* Service2Module.swift in Sources */ = {isa = PBXBuildFile; fileRef = DA591D0024A6220800B24DBB /* Service2Module.swift */; };
		DA591D0424A6319800B24DBB /* SnapKit in Frameworks */ = {isa = PBXBuildFile; productRef = DA591D0324A6319800B24DBB /* SnapKit */; };
		DAA9A3C324A63F240030DAE9 /* UIControlPublisher.swift in Sources */ = {isa = PBXBuildFile; fileRef = DAA9A3C224A63F240030DAE9 /* UIControlPublisher.swift */; };
		DAA9A3C524A644220030DAE9 /* Service21.swift in Sources */ = {isa = PBXBuildFile; fileRef = DAA9A3C424A644220030DAE9 /* Service21.swift */; };
/* End PBXBuildFile section */

/* Begin PBXContainerItemProxy section */
		DA591CB024A5EEF900B24DBB /* PBXContainerItemProxy */ = {
			isa = PBXContainerItemProxy;
			containerPortal = DA591C9124A5EEF400B24DBB /* Project object */;
			proxyType = 1;
			remoteGlobalIDString = DA591C9824A5EEF400B24DBB;
			remoteInfo = HHModule;
		};
		DA591CBB24A5EEF900B24DBB /* PBXContainerItemProxy */ = {
			isa = PBXContainerItemProxy;
			containerPortal = DA591C9124A5EEF400B24DBB /* Project object */;
			proxyType = 1;
			remoteGlobalIDString = DA591C9824A5EEF400B24DBB;
			remoteInfo = HHModule;
		};
/* End PBXContainerItemProxy section */

/* Begin PBXFileReference section */
		DA07215724A8E55400383978 /* Promise.swift */ = {isa = PBXFileReference; lastKnownFileType = sourcecode.swift; path = Promise.swift; sourceTree = "<group>"; };
		DA47B62024A9D0260088800B /* RootStrongDependencies.swift */ = {isa = PBXFileReference; lastKnownFileType = sourcecode.swift; path = RootStrongDependencies.swift; sourceTree = "<group>"; };
		DA591C9924A5EEF400B24DBB /* HHModule.app */ = {isa = PBXFileReference; explicitFileType = wrapper.application; includeInIndex = 0; path = HHModule.app; sourceTree = BUILT_PRODUCTS_DIR; };
		DA591C9C24A5EEF400B24DBB /* AppDelegate.swift */ = {isa = PBXFileReference; lastKnownFileType = sourcecode.swift; path = AppDelegate.swift; sourceTree = "<group>"; };
		DA591CA024A5EEF400B24DBB /* RootViewController.swift */ = {isa = PBXFileReference; lastKnownFileType = sourcecode.swift; path = RootViewController.swift; sourceTree = "<group>"; };
		DA591CA524A5EEF900B24DBB /* Assets.xcassets */ = {isa = PBXFileReference; lastKnownFileType = folder.assetcatalog; path = Assets.xcassets; sourceTree = "<group>"; };
		DA591CA824A5EEF900B24DBB /* Base */ = {isa = PBXFileReference; lastKnownFileType = file.storyboard; name = Base; path = Base.lproj/LaunchScreen.storyboard; sourceTree = "<group>"; };
		DA591CAA24A5EEF900B24DBB /* Info.plist */ = {isa = PBXFileReference; lastKnownFileType = text.plist.xml; path = Info.plist; sourceTree = "<group>"; };
		DA591CAF24A5EEF900B24DBB /* HHModuleTests.xctest */ = {isa = PBXFileReference; explicitFileType = wrapper.cfbundle; includeInIndex = 0; path = HHModuleTests.xctest; sourceTree = BUILT_PRODUCTS_DIR; };
		DA591CB324A5EEF900B24DBB /* HHModuleTests.swift */ = {isa = PBXFileReference; lastKnownFileType = sourcecode.swift; path = HHModuleTests.swift; sourceTree = "<group>"; };
		DA591CB524A5EEF900B24DBB /* Info.plist */ = {isa = PBXFileReference; lastKnownFileType = text.plist.xml; path = Info.plist; sourceTree = "<group>"; };
		DA591CBA24A5EEF900B24DBB /* HHModuleUITests.xctest */ = {isa = PBXFileReference; explicitFileType = wrapper.cfbundle; includeInIndex = 0; path = HHModuleUITests.xctest; sourceTree = BUILT_PRODUCTS_DIR; };
		DA591CBE24A5EEF900B24DBB /* HHModuleUITests.swift */ = {isa = PBXFileReference; lastKnownFileType = sourcecode.swift; path = HHModuleUITests.swift; sourceTree = "<group>"; };
		DA591CC024A5EEF900B24DBB /* Info.plist */ = {isa = PBXFileReference; lastKnownFileType = text.plist.xml; path = Info.plist; sourceTree = "<group>"; };
		DA591CD124A5EF5E00B24DBB /* Context.swift */ = {isa = PBXFileReference; lastKnownFileType = sourcecode.swift; path = Context.swift; sourceTree = "<group>"; };
		DA591CD324A5FDA900B24DBB /* VC1.swift */ = {isa = PBXFileReference; lastKnownFileType = sourcecode.swift; path = VC1.swift; sourceTree = "<group>"; };
		DA591CD524A5FDB700B24DBB /* VC2.swift */ = {isa = PBXFileReference; lastKnownFileType = sourcecode.swift; path = VC2.swift; sourceTree = "<group>"; };
		DA591CD724A5FDC300B24DBB /* VC3.swift */ = {isa = PBXFileReference; lastKnownFileType = sourcecode.swift; path = VC3.swift; sourceTree = "<group>"; };
		DA591CDA24A5FDEE00B24DBB /* Service1.swift */ = {isa = PBXFileReference; lastKnownFileType = sourcecode.swift; path = Service1.swift; sourceTree = "<group>"; };
		DA591CE324A5FE7A00B24DBB /* RootWeakDependencies.swift */ = {isa = PBXFileReference; lastKnownFileType = sourcecode.swift; path = RootWeakDependencies.swift; sourceTree = "<group>"; };
		DA591CE524A5FEC300B24DBB /* RootDepInjector.swift */ = {isa = PBXFileReference; lastKnownFileType = sourcecode.swift; path = RootDepInjector.swift; sourceTree = "<group>"; };
		DA591CE724A6027800B24DBB /* VC2Builder.swift */ = {isa = PBXFileReference; lastKnownFileType = sourcecode.swift; path = VC2Builder.swift; sourceTree = "<group>"; };
		DA591CED24A6040700B24DBB /* VC1Module.swift */ = {isa = PBXFileReference; lastKnownFileType = sourcecode.swift; path = VC1Module.swift; sourceTree = "<group>"; };
		DA591CF024A6042D00B24DBB /* Module.swift */ = {isa = PBXFileReference; lastKnownFileType = sourcecode.swift; path = Module.swift; sourceTree = "<group>"; };
		DA591CF224A6065300B24DBB /* VC2Module.swift */ = {isa = PBXFileReference; lastKnownFileType = sourcecode.swift; path = VC2Module.swift; sourceTree = "<group>"; };
		DA591CF424A607B400B24DBB /* RootModule.swift */ = {isa = PBXFileReference; lastKnownFileType = sourcecode.swift; path = RootModule.swift; sourceTree = "<group>"; };
		DA591CF624A608BB00B24DBB /* Service1Module.swift */ = {isa = PBXFileReference; lastKnownFileType = sourcecode.swift; path = Service1Module.swift; sourceTree = "<group>"; };
		DA591CFB24A6216400B24DBB /* Service2.swift */ = {isa = PBXFileReference; lastKnownFileType = sourcecode.swift; path = Service2.swift; sourceTree = "<group>"; };
		DA591CFD24A6217900B24DBB /* IService2.swift */ = {isa = PBXFileReference; lastKnownFileType = sourcecode.swift; path = IService2.swift; sourceTree = "<group>"; };
		DA591D0024A6220800B24DBB /* Service2Module.swift */ = {isa = PBXFileReference; lastKnownFileType = sourcecode.swift; path = Service2Module.swift; sourceTree = "<group>"; };
		DAA9A3C024A63B130030DAE9 /* HHModule.entitlements */ = {isa = PBXFileReference; lastKnownFileType = text.plist.entitlements; path = HHModule.entitlements; sourceTree = "<group>"; };
		DAA9A3C224A63F240030DAE9 /* UIControlPublisher.swift */ = {isa = PBXFileReference; lastKnownFileType = sourcecode.swift; path = UIControlPublisher.swift; sourceTree = "<group>"; };
		DAA9A3C424A644220030DAE9 /* Service21.swift */ = {isa = PBXFileReference; lastKnownFileType = sourcecode.swift; path = Service21.swift; sourceTree = "<group>"; };
/* End PBXFileReference section */

/* Begin PBXFrameworksBuildPhase section */
		DA591C9624A5EEF400B24DBB /* Frameworks */ = {
			isa = PBXFrameworksBuildPhase;
			buildActionMask = 2147483647;
			files = (
				DA47B61F24A9CE470088800B /* Promises in Frameworks */,
				DA591D0424A6319800B24DBB /* SnapKit in Frameworks */,
			);
			runOnlyForDeploymentPostprocessing = 0;
		};
		DA591CAC24A5EEF900B24DBB /* Frameworks */ = {
			isa = PBXFrameworksBuildPhase;
			buildActionMask = 2147483647;
			files = (
			);
			runOnlyForDeploymentPostprocessing = 0;
		};
		DA591CB724A5EEF900B24DBB /* Frameworks */ = {
			isa = PBXFrameworksBuildPhase;
			buildActionMask = 2147483647;
			files = (
			);
			runOnlyForDeploymentPostprocessing = 0;
		};
/* End PBXFrameworksBuildPhase section */

/* Begin PBXGroup section */
		DA591C9024A5EEF400B24DBB = {
			isa = PBXGroup;
			children = (
				DA591C9B24A5EEF400B24DBB /* HHModule */,
				DA591CB224A5EEF900B24DBB /* HHModuleTests */,
				DA591CBD24A5EEF900B24DBB /* HHModuleUITests */,
				DA591C9A24A5EEF400B24DBB /* Products */,
			);
			sourceTree = "<group>";
		};
		DA591C9A24A5EEF400B24DBB /* Products */ = {
			isa = PBXGroup;
			children = (
				DA591C9924A5EEF400B24DBB /* HHModule.app */,
				DA591CAF24A5EEF900B24DBB /* HHModuleTests.xctest */,
				DA591CBA24A5EEF900B24DBB /* HHModuleUITests.xctest */,
			);
			name = Products;
			sourceTree = "<group>";
		};
		DA591C9B24A5EEF400B24DBB /* HHModule */ = {
			isa = PBXGroup;
			children = (
				DAA9A3C024A63B130030DAE9 /* HHModule.entitlements */,
				DA591C9C24A5EEF400B24DBB /* AppDelegate.swift */,
				DA591CD024A5EF3B00B24DBB /* HHModule */,
				DA591CF824A6213800B24DBB /* Service2 */,
				DA591CD924A5FDD200B24DBB /* Service1 */,
				DA591CCF24A5EF3300B24DBB /* VC3 */,
				DA591CCE24A5EF2900B24DBB /* VC2 */,
				DA591CCD24A5EF2200B24DBB /* VC1 */,
				DA591CCC24A5EF1800B24DBB /* Root */,
				DA591CA524A5EEF900B24DBB /* Assets.xcassets */,
				DAA9A3C124A63F050030DAE9 /* UIControlPublisher */,
				DA591CA724A5EEF900B24DBB /* LaunchScreen.storyboard */,
				DA591CAA24A5EEF900B24DBB /* Info.plist */,
			);
			path = HHModule;
			sourceTree = "<group>";
		};
		DA591CB224A5EEF900B24DBB /* HHModuleTests */ = {
			isa = PBXGroup;
			children = (
				DA591CB324A5EEF900B24DBB /* HHModuleTests.swift */,
				DA591CB524A5EEF900B24DBB /* Info.plist */,
			);
			path = HHModuleTests;
			sourceTree = "<group>";
		};
		DA591CBD24A5EEF900B24DBB /* HHModuleUITests */ = {
			isa = PBXGroup;
			children = (
				DA591CBE24A5EEF900B24DBB /* HHModuleUITests.swift */,
				DA591CC024A5EEF900B24DBB /* Info.plist */,
			);
			path = HHModuleUITests;
			sourceTree = "<group>";
		};
		DA591CCC24A5EF1800B24DBB /* Root */ = {
			isa = PBXGroup;
			children = (
				DA591CEF24A6041400B24DBB /* ModuleNode */,
				DA591CE024A5FE2600B24DBB /* DependencyInjectors */,
				DA591CDD24A5FE0000B24DBB /* Dependencies */,
				DA591CDC24A5FDF800B24DBB /* Module */,
			);
			path = Root;
			sourceTree = "<group>";
		};
		DA591CCD24A5EF2200B24DBB /* VC1 */ = {
			isa = PBXGroup;
			children = (
				DA591CE924A6030A00B24DBB /* ModuleNode */,
				DA591CDF24A5FE1000B24DBB /* Interfaces */,
				DA591CDE24A5FE0700B24DBB /* Module */,
			);
			path = VC1;
			sourceTree = "<group>";
		};
		DA591CCE24A5EF2900B24DBB /* VC2 */ = {
			isa = PBXGroup;
			children = (
				DA591CEA24A603C800B24DBB /* ModuleNode */,
				DA591CE224A5FE5800B24DBB /* Interfaces */,
				DA591CE124A5FE4D00B24DBB /* Module */,
			);
			path = VC2;
			sourceTree = "<group>";
		};
		DA591CCF24A5EF3300B24DBB /* VC3 */ = {
			isa = PBXGroup;
			children = (
				DA591CD724A5FDC300B24DBB /* VC3.swift */,
			);
			path = VC3;
			sourceTree = "<group>";
		};
		DA591CD024A5EF3B00B24DBB /* HHModule */ = {
			isa = PBXGroup;
			children = (
				DA591CD124A5EF5E00B24DBB /* Context.swift */,
				DA591CF024A6042D00B24DBB /* Module.swift */,
				DA07215724A8E55400383978 /* Promise.swift */,
			);
			path = HHModule;
			sourceTree = "<group>";
		};
		DA591CD924A5FDD200B24DBB /* Service1 */ = {
			isa = PBXGroup;
			children = (
				DA591CEC24A603E800B24DBB /* ModuleNode */,
				DA591CEB24A603E300B24DBB /* Module */,
			);
			path = Service1;
			sourceTree = "<group>";
		};
		DA591CDC24A5FDF800B24DBB /* Module */ = {
			isa = PBXGroup;
			children = (
				DA591CA024A5EEF400B24DBB /* RootViewController.swift */,
			);
			path = Module;
			sourceTree = "<group>";
		};
		DA591CDD24A5FE0000B24DBB /* Dependencies */ = {
			isa = PBXGroup;
			children = (
				DA591CE324A5FE7A00B24DBB /* RootWeakDependencies.swift */,
				DA47B62024A9D0260088800B /* RootStrongDependencies.swift */,
			);
			path = Dependencies;
			sourceTree = "<group>";
		};
		DA591CDE24A5FE0700B24DBB /* Module */ = {
			isa = PBXGroup;
			children = (
				DA591CD324A5FDA900B24DBB /* VC1.swift */,
			);
			path = Module;
			sourceTree = "<group>";
		};
		DA591CDF24A5FE1000B24DBB /* Interfaces */ = {
			isa = PBXGroup;
			children = (
			);
			path = Interfaces;
			sourceTree = "<group>";
		};
		DA591CE024A5FE2600B24DBB /* DependencyInjectors */ = {
			isa = PBXGroup;
			children = (
				DA591CE524A5FEC300B24DBB /* RootDepInjector.swift */,
			);
			path = DependencyInjectors;
			sourceTree = "<group>";
		};
		DA591CE124A5FE4D00B24DBB /* Module */ = {
			isa = PBXGroup;
			children = (
				DA591CD524A5FDB700B24DBB /* VC2.swift */,
			);
			path = Module;
			sourceTree = "<group>";
		};
		DA591CE224A5FE5800B24DBB /* Interfaces */ = {
			isa = PBXGroup;
			children = (
				DA591CE724A6027800B24DBB /* VC2Builder.swift */,
			);
			path = Interfaces;
			sourceTree = "<group>";
		};
		DA591CE924A6030A00B24DBB /* ModuleNode */ = {
			isa = PBXGroup;
			children = (
				DA591CED24A6040700B24DBB /* VC1Module.swift */,
			);
			path = ModuleNode;
			sourceTree = "<group>";
		};
		DA591CEA24A603C800B24DBB /* ModuleNode */ = {
			isa = PBXGroup;
			children = (
				DA591CF224A6065300B24DBB /* VC2Module.swift */,
			);
			path = ModuleNode;
			sourceTree = "<group>";
		};
		DA591CEB24A603E300B24DBB /* Module */ = {
			isa = PBXGroup;
			children = (
				DA591CDA24A5FDEE00B24DBB /* Service1.swift */,
			);
			path = Module;
			sourceTree = "<group>";
		};
		DA591CEC24A603E800B24DBB /* ModuleNode */ = {
			isa = PBXGroup;
			children = (
				DA591CF624A608BB00B24DBB /* Service1Module.swift */,
			);
			path = ModuleNode;
			sourceTree = "<group>";
		};
		DA591CEF24A6041400B24DBB /* ModuleNode */ = {
			isa = PBXGroup;
			children = (
				DA591CF424A607B400B24DBB /* RootModule.swift */,
			);
			path = ModuleNode;
			sourceTree = "<group>";
		};
		DA591CF824A6213800B24DBB /* Service2 */ = {
			isa = PBXGroup;
			children = (
				DA591CFF24A6217F00B24DBB /* Interfaces */,
				DA591CFA24A6214B00B24DBB /* Module */,
				DA591CF924A6214400B24DBB /* ModuleNode */,
			);
			path = Service2;
			sourceTree = "<group>";
		};
		DA591CF924A6214400B24DBB /* ModuleNode */ = {
			isa = PBXGroup;
			children = (
				DA591D0024A6220800B24DBB /* Service2Module.swift */,
			);
			path = ModuleNode;
			sourceTree = "<group>";
		};
		DA591CFA24A6214B00B24DBB /* Module */ = {
			isa = PBXGroup;
			children = (
				DA591CFB24A6216400B24DBB /* Service2.swift */,
				DAA9A3C424A644220030DAE9 /* Service21.swift */,
			);
			path = Module;
			sourceTree = "<group>";
		};
		DA591CFF24A6217F00B24DBB /* Interfaces */ = {
			isa = PBXGroup;
			children = (
				DA591CFD24A6217900B24DBB /* IService2.swift */,
			);
			path = Interfaces;
			sourceTree = "<group>";
		};
		DAA9A3C124A63F050030DAE9 /* UIControlPublisher */ = {
			isa = PBXGroup;
			children = (
				DAA9A3C224A63F240030DAE9 /* UIControlPublisher.swift */,
			);
			path = UIControlPublisher;
			sourceTree = "<group>";
		};
/* End PBXGroup section */

/* Begin PBXNativeTarget section */
		DA591C9824A5EEF400B24DBB /* HHModule */ = {
			isa = PBXNativeTarget;
			buildConfigurationList = DA591CC324A5EEF900B24DBB /* Build configuration list for PBXNativeTarget "HHModule" */;
			buildPhases = (
				DA591C9524A5EEF400B24DBB /* Sources */,
				DA591C9624A5EEF400B24DBB /* Frameworks */,
				DA591C9724A5EEF400B24DBB /* Resources */,
			);
			buildRules = (
			);
			dependencies = (
			);
			name = HHModule;
			packageProductDependencies = (
				DA591D0324A6319800B24DBB /* SnapKit */,
				DA47B61E24A9CE470088800B /* Promises */,
			);
			productName = HHModule;
			productReference = DA591C9924A5EEF400B24DBB /* HHModule.app */;
			productType = "com.apple.product-type.application";
		};
		DA591CAE24A5EEF900B24DBB /* HHModuleTests */ = {
			isa = PBXNativeTarget;
			buildConfigurationList = DA591CC624A5EEF900B24DBB /* Build configuration list for PBXNativeTarget "HHModuleTests" */;
			buildPhases = (
				DA591CAB24A5EEF900B24DBB /* Sources */,
				DA591CAC24A5EEF900B24DBB /* Frameworks */,
				DA591CAD24A5EEF900B24DBB /* Resources */,
			);
			buildRules = (
			);
			dependencies = (
				DA591CB124A5EEF900B24DBB /* PBXTargetDependency */,
			);
			name = HHModuleTests;
			productName = HHModuleTests;
			productReference = DA591CAF24A5EEF900B24DBB /* HHModuleTests.xctest */;
			productType = "com.apple.product-type.bundle.unit-test";
		};
		DA591CB924A5EEF900B24DBB /* HHModuleUITests */ = {
			isa = PBXNativeTarget;
			buildConfigurationList = DA591CC924A5EEF900B24DBB /* Build configuration list for PBXNativeTarget "HHModuleUITests" */;
			buildPhases = (
				DA591CB624A5EEF900B24DBB /* Sources */,
				DA591CB724A5EEF900B24DBB /* Frameworks */,
				DA591CB824A5EEF900B24DBB /* Resources */,
			);
			buildRules = (
			);
			dependencies = (
				DA591CBC24A5EEF900B24DBB /* PBXTargetDependency */,
			);
			name = HHModuleUITests;
			productName = HHModuleUITests;
			productReference = DA591CBA24A5EEF900B24DBB /* HHModuleUITests.xctest */;
			productType = "com.apple.product-type.bundle.ui-testing";
		};
/* End PBXNativeTarget section */

/* Begin PBXProject section */
		DA591C9124A5EEF400B24DBB /* Project object */ = {
			isa = PBXProject;
			attributes = {
				LastSwiftUpdateCheck = 1150;
				LastUpgradeCheck = 1150;
				ORGANIZATIONNAME = "Beijing Bitstar Technology Co., Ltd";
				TargetAttributes = {
					DA591C9824A5EEF400B24DBB = {
						CreatedOnToolsVersion = 11.5;
					};
					DA591CAE24A5EEF900B24DBB = {
						CreatedOnToolsVersion = 11.5;
						TestTargetID = DA591C9824A5EEF400B24DBB;
					};
					DA591CB924A5EEF900B24DBB = {
						CreatedOnToolsVersion = 11.5;
						TestTargetID = DA591C9824A5EEF400B24DBB;
					};
				};
			};
			buildConfigurationList = DA591C9424A5EEF400B24DBB /* Build configuration list for PBXProject "HHModule" */;
			compatibilityVersion = "Xcode 9.3";
			developmentRegion = en;
			hasScannedForEncodings = 0;
			knownRegions = (
				en,
				Base,
			);
			mainGroup = DA591C9024A5EEF400B24DBB;
			packageReferences = (
				DA591D0224A6319800B24DBB /* XCRemoteSwiftPackageReference "SnapKit" */,
				DA47B61D24A9CE470088800B /* XCRemoteSwiftPackageReference "promises" */,
			);
			productRefGroup = DA591C9A24A5EEF400B24DBB /* Products */;
			projectDirPath = "";
			projectRoot = "";
			targets = (
				DA591C9824A5EEF400B24DBB /* HHModule */,
				DA591CAE24A5EEF900B24DBB /* HHModuleTests */,
				DA591CB924A5EEF900B24DBB /* HHModuleUITests */,
			);
		};
/* End PBXProject section */

/* Begin PBXResourcesBuildPhase section */
		DA591C9724A5EEF400B24DBB /* Resources */ = {
			isa = PBXResourcesBuildPhase;
			buildActionMask = 2147483647;
			files = (
				DA591CA924A5EEF900B24DBB /* LaunchScreen.storyboard in Resources */,
				DA591CA624A5EEF900B24DBB /* Assets.xcassets in Resources */,
			);
			runOnlyForDeploymentPostprocessing = 0;
		};
		DA591CAD24A5EEF900B24DBB /* Resources */ = {
			isa = PBXResourcesBuildPhase;
			buildActionMask = 2147483647;
			files = (
			);
			runOnlyForDeploymentPostprocessing = 0;
		};
		DA591CB824A5EEF900B24DBB /* Resources */ = {
			isa = PBXResourcesBuildPhase;
			buildActionMask = 2147483647;
			files = (
			);
			runOnlyForDeploymentPostprocessing = 0;
		};
/* End PBXResourcesBuildPhase section */

/* Begin PBXSourcesBuildPhase section */
		DA591C9524A5EEF400B24DBB /* Sources */ = {
			isa = PBXSourcesBuildPhase;
			buildActionMask = 2147483647;
			files = (
				DA591CA124A5EEF400B24DBB /* RootViewController.swift in Sources */,
				DA591CD224A5EF5E00B24DBB /* Context.swift in Sources */,
				DA07215824A8E55400383978 /* Promise.swift in Sources */,
				DA591CE424A5FE7A00B24DBB /* RootWeakDependencies.swift in Sources */,
				DA591CF324A6065300B24DBB /* VC2Module.swift in Sources */,
				DA591CFE24A6217900B24DBB /* IService2.swift in Sources */,
				DA591CFC24A6216400B24DBB /* Service2.swift in Sources */,
				DAA9A3C524A644220030DAE9 /* Service21.swift in Sources */,
				DA591CE624A5FEC300B24DBB /* RootDepInjector.swift in Sources */,
				DA591CF724A608BB00B24DBB /* Service1Module.swift in Sources */,
				DA591CD424A5FDA900B24DBB /* VC1.swift in Sources */,
				DA47B62124A9D0260088800B /* RootStrongDependencies.swift in Sources */,
				DA591CF124A6042D00B24DBB /* Module.swift in Sources */,
				DA591CF524A607B400B24DBB /* RootModule.swift in Sources */,
				DA591CDB24A5FDEE00B24DBB /* Service1.swift in Sources */,
				DA591CD624A5FDB700B24DBB /* VC2.swift in Sources */,
				DA591D0124A6220800B24DBB /* Service2Module.swift in Sources */,
				DA591CD824A5FDC300B24DBB /* VC3.swift in Sources */,
				DA591CEE24A6040700B24DBB /* VC1Module.swift in Sources */,
				DA591CE824A6027800B24DBB /* VC2Builder.swift in Sources */,
				DA591C9D24A5EEF400B24DBB /* AppDelegate.swift in Sources */,
				DAA9A3C324A63F240030DAE9 /* UIControlPublisher.swift in Sources */,
			);
			runOnlyForDeploymentPostprocessing = 0;
		};
		DA591CAB24A5EEF900B24DBB /* Sources */ = {
			isa = PBXSourcesBuildPhase;
			buildActionMask = 2147483647;
			files = (
				DA591CB424A5EEF900B24DBB /* HHModuleTests.swift in Sources */,
			);
			runOnlyForDeploymentPostprocessing = 0;
		};
		DA591CB624A5EEF900B24DBB /* Sources */ = {
			isa = PBXSourcesBuildPhase;
			buildActionMask = 2147483647;
			files = (
				DA591CBF24A5EEF900B24DBB /* HHModuleUITests.swift in Sources */,
			);
			runOnlyForDeploymentPostprocessing = 0;
		};
/* End PBXSourcesBuildPhase section */

/* Begin PBXTargetDependency section */
		DA591CB124A5EEF900B24DBB /* PBXTargetDependency */ = {
			isa = PBXTargetDependency;
			target = DA591C9824A5EEF400B24DBB /* HHModule */;
			targetProxy = DA591CB024A5EEF900B24DBB /* PBXContainerItemProxy */;
		};
		DA591CBC24A5EEF900B24DBB /* PBXTargetDependency */ = {
			isa = PBXTargetDependency;
			target = DA591C9824A5EEF400B24DBB /* HHModule */;
			targetProxy = DA591CBB24A5EEF900B24DBB /* PBXContainerItemProxy */;
		};
/* End PBXTargetDependency section */

/* Begin PBXVariantGroup section */
		DA591CA724A5EEF900B24DBB /* LaunchScreen.storyboard */ = {
			isa = PBXVariantGroup;
			children = (
				DA591CA824A5EEF900B24DBB /* Base */,
			);
			name = LaunchScreen.storyboard;
			sourceTree = "<group>";
		};
/* End PBXVariantGroup section */

/* Begin XCBuildConfiguration section */
		DA591CC124A5EEF900B24DBB /* Debug */ = {
			isa = XCBuildConfiguration;
			buildSettings = {
				ALWAYS_SEARCH_USER_PATHS = NO;
				CLANG_ANALYZER_NONNULL = YES;
				CLANG_ANALYZER_NUMBER_OBJECT_CONVERSION = YES_AGGRESSIVE;
				CLANG_CXX_LANGUAGE_STANDARD = "gnu++14";
				CLANG_CXX_LIBRARY = "libc++";
				CLANG_ENABLE_MODULES = YES;
				CLANG_ENABLE_OBJC_ARC = YES;
				CLANG_ENABLE_OBJC_WEAK = YES;
				CLANG_WARN_BLOCK_CAPTURE_AUTORELEASING = YES;
				CLANG_WARN_BOOL_CONVERSION = YES;
				CLANG_WARN_COMMA = YES;
				CLANG_WARN_CONSTANT_CONVERSION = YES;
				CLANG_WARN_DEPRECATED_OBJC_IMPLEMENTATIONS = YES;
				CLANG_WARN_DIRECT_OBJC_ISA_USAGE = YES_ERROR;
				CLANG_WARN_DOCUMENTATION_COMMENTS = YES;
				CLANG_WARN_EMPTY_BODY = YES;
				CLANG_WARN_ENUM_CONVERSION = YES;
				CLANG_WARN_INFINITE_RECURSION = YES;
				CLANG_WARN_INT_CONVERSION = YES;
				CLANG_WARN_NON_LITERAL_NULL_CONVERSION = YES;
				CLANG_WARN_OBJC_IMPLICIT_RETAIN_SELF = YES;
				CLANG_WARN_OBJC_LITERAL_CONVERSION = YES;
				CLANG_WARN_OBJC_ROOT_CLASS = YES_ERROR;
				CLANG_WARN_RANGE_LOOP_ANALYSIS = YES;
				CLANG_WARN_STRICT_PROTOTYPES = YES;
				CLANG_WARN_SUSPICIOUS_MOVE = YES;
				CLANG_WARN_UNGUARDED_AVAILABILITY = YES_AGGRESSIVE;
				CLANG_WARN_UNREACHABLE_CODE = YES;
				CLANG_WARN__DUPLICATE_METHOD_MATCH = YES;
				COPY_PHASE_STRIP = NO;
				DEBUG_INFORMATION_FORMAT = dwarf;
				ENABLE_STRICT_OBJC_MSGSEND = YES;
				ENABLE_TESTABILITY = YES;
				GCC_C_LANGUAGE_STANDARD = gnu11;
				GCC_DYNAMIC_NO_PIC = NO;
				GCC_NO_COMMON_BLOCKS = YES;
				GCC_OPTIMIZATION_LEVEL = 0;
				GCC_PREPROCESSOR_DEFINITIONS = (
					"DEBUG=1",
					"$(inherited)",
				);
				GCC_WARN_64_TO_32_BIT_CONVERSION = YES;
				GCC_WARN_ABOUT_RETURN_TYPE = YES_ERROR;
				GCC_WARN_UNDECLARED_SELECTOR = YES;
				GCC_WARN_UNINITIALIZED_AUTOS = YES_AGGRESSIVE;
				GCC_WARN_UNUSED_FUNCTION = YES;
				GCC_WARN_UNUSED_VARIABLE = YES;
				IPHONEOS_DEPLOYMENT_TARGET = 13.5;
				MTL_ENABLE_DEBUG_INFO = INCLUDE_SOURCE;
				MTL_FAST_MATH = YES;
				ONLY_ACTIVE_ARCH = YES;
				SDKROOT = iphoneos;
				SWIFT_ACTIVE_COMPILATION_CONDITIONS = DEBUG;
				SWIFT_OPTIMIZATION_LEVEL = "-Onone";
			};
			name = Debug;
		};
		DA591CC224A5EEF900B24DBB /* Release */ = {
			isa = XCBuildConfiguration;
			buildSettings = {
				ALWAYS_SEARCH_USER_PATHS = NO;
				CLANG_ANALYZER_NONNULL = YES;
				CLANG_ANALYZER_NUMBER_OBJECT_CONVERSION = YES_AGGRESSIVE;
				CLANG_CXX_LANGUAGE_STANDARD = "gnu++14";
				CLANG_CXX_LIBRARY = "libc++";
				CLANG_ENABLE_MODULES = YES;
				CLANG_ENABLE_OBJC_ARC = YES;
				CLANG_ENABLE_OBJC_WEAK = YES;
				CLANG_WARN_BLOCK_CAPTURE_AUTORELEASING = YES;
				CLANG_WARN_BOOL_CONVERSION = YES;
				CLANG_WARN_COMMA = YES;
				CLANG_WARN_CONSTANT_CONVERSION = YES;
				CLANG_WARN_DEPRECATED_OBJC_IMPLEMENTATIONS = YES;
				CLANG_WARN_DIRECT_OBJC_ISA_USAGE = YES_ERROR;
				CLANG_WARN_DOCUMENTATION_COMMENTS = YES;
				CLANG_WARN_EMPTY_BODY = YES;
				CLANG_WARN_ENUM_CONVERSION = YES;
				CLANG_WARN_INFINITE_RECURSION = YES;
				CLANG_WARN_INT_CONVERSION = YES;
				CLANG_WARN_NON_LITERAL_NULL_CONVERSION = YES;
				CLANG_WARN_OBJC_IMPLICIT_RETAIN_SELF = YES;
				CLANG_WARN_OBJC_LITERAL_CONVERSION = YES;
				CLANG_WARN_OBJC_ROOT_CLASS = YES_ERROR;
				CLANG_WARN_RANGE_LOOP_ANALYSIS = YES;
				CLANG_WARN_STRICT_PROTOTYPES = YES;
				CLANG_WARN_SUSPICIOUS_MOVE = YES;
				CLANG_WARN_UNGUARDED_AVAILABILITY = YES_AGGRESSIVE;
				CLANG_WARN_UNREACHABLE_CODE = YES;
				CLANG_WARN__DUPLICATE_METHOD_MATCH = YES;
				COPY_PHASE_STRIP = NO;
				DEBUG_INFORMATION_FORMAT = "dwarf-with-dsym";
				ENABLE_NS_ASSERTIONS = NO;
				ENABLE_STRICT_OBJC_MSGSEND = YES;
				GCC_C_LANGUAGE_STANDARD = gnu11;
				GCC_NO_COMMON_BLOCKS = YES;
				GCC_WARN_64_TO_32_BIT_CONVERSION = YES;
				GCC_WARN_ABOUT_RETURN_TYPE = YES_ERROR;
				GCC_WARN_UNDECLARED_SELECTOR = YES;
				GCC_WARN_UNINITIALIZED_AUTOS = YES_AGGRESSIVE;
				GCC_WARN_UNUSED_FUNCTION = YES;
				GCC_WARN_UNUSED_VARIABLE = YES;
				IPHONEOS_DEPLOYMENT_TARGET = 13.5;
				MTL_ENABLE_DEBUG_INFO = NO;
				MTL_FAST_MATH = YES;
				SDKROOT = iphoneos;
				SWIFT_COMPILATION_MODE = wholemodule;
				SWIFT_OPTIMIZATION_LEVEL = "-O";
				VALIDATE_PRODUCT = YES;
			};
			name = Release;
		};
		DA591CC424A5EEF900B24DBB /* Debug */ = {
			isa = XCBuildConfiguration;
			buildSettings = {
				ASSETCATALOG_COMPILER_APPICON_NAME = AppIcon;
				CODE_SIGN_ENTITLEMENTS = HHModule/HHModule.entitlements;
				CODE_SIGN_STYLE = Automatic;
				DEVELOPMENT_TEAM = WJMW7HLW85;
				INFOPLIST_FILE = HHModule/Info.plist;
				LD_RUNPATH_SEARCH_PATHS = (
					"$(inherited)",
					"@executable_path/Frameworks",
				);
				PRODUCT_BUNDLE_IDENTIFIER = com.howie.HHModule;
				PRODUCT_NAME = "$(TARGET_NAME)";
				SUPPORTS_MACCATALYST = YES;
				SWIFT_VERSION = 5.0;
				TARGETED_DEVICE_FAMILY = "1,2";
			};
			name = Debug;
		};
		DA591CC524A5EEF900B24DBB /* Release */ = {
			isa = XCBuildConfiguration;
			buildSettings = {
				ASSETCATALOG_COMPILER_APPICON_NAME = AppIcon;
				CODE_SIGN_ENTITLEMENTS = HHModule/HHModule.entitlements;
				CODE_SIGN_STYLE = Automatic;
				DEVELOPMENT_TEAM = WJMW7HLW85;
				INFOPLIST_FILE = HHModule/Info.plist;
				LD_RUNPATH_SEARCH_PATHS = (
					"$(inherited)",
					"@executable_path/Frameworks",
				);
				PRODUCT_BUNDLE_IDENTIFIER = com.howie.HHModule;
				PRODUCT_NAME = "$(TARGET_NAME)";
				SUPPORTS_MACCATALYST = YES;
				SWIFT_VERSION = 5.0;
				TARGETED_DEVICE_FAMILY = "1,2";
			};
			name = Release;
		};
		DA591CC724A5EEF900B24DBB /* Debug */ = {
			isa = XCBuildConfiguration;
			buildSettings = {
				ALWAYS_EMBED_SWIFT_STANDARD_LIBRARIES = YES;
				BUNDLE_LOADER = "$(TEST_HOST)";
				CODE_SIGN_STYLE = Automatic;
				DEVELOPMENT_TEAM = WJMW7HLW85;
				INFOPLIST_FILE = HHModuleTests/Info.plist;
				IPHONEOS_DEPLOYMENT_TARGET = 13.5;
				LD_RUNPATH_SEARCH_PATHS = (
					"$(inherited)",
					"@executable_path/Frameworks",
					"@loader_path/Frameworks",
				);
				PRODUCT_BUNDLE_IDENTIFIER = com.howie.HHModuleTests;
				PRODUCT_NAME = "$(TARGET_NAME)";
				SWIFT_VERSION = 5.0;
				TARGETED_DEVICE_FAMILY = "1,2";
				TEST_HOST = "$(BUILT_PRODUCTS_DIR)/HHModule.app/HHModule";
			};
			name = Debug;
		};
		DA591CC824A5EEF900B24DBB /* Release */ = {
			isa = XCBuildConfiguration;
			buildSettings = {
				ALWAYS_EMBED_SWIFT_STANDARD_LIBRARIES = YES;
				BUNDLE_LOADER = "$(TEST_HOST)";
				CODE_SIGN_STYLE = Automatic;
				DEVELOPMENT_TEAM = WJMW7HLW85;
				INFOPLIST_FILE = HHModuleTests/Info.plist;
				IPHONEOS_DEPLOYMENT_TARGET = 13.5;
				LD_RUNPATH_SEARCH_PATHS = (
					"$(inherited)",
					"@executable_path/Frameworks",
					"@loader_path/Frameworks",
				);
				PRODUCT_BUNDLE_IDENTIFIER = com.howie.HHModuleTests;
				PRODUCT_NAME = "$(TARGET_NAME)";
				SWIFT_VERSION = 5.0;
				TARGETED_DEVICE_FAMILY = "1,2";
				TEST_HOST = "$(BUILT_PRODUCTS_DIR)/HHModule.app/HHModule";
			};
			name = Release;
		};
		DA591CCA24A5EEF900B24DBB /* Debug */ = {
			isa = XCBuildConfiguration;
			buildSettings = {
				ALWAYS_EMBED_SWIFT_STANDARD_LIBRARIES = YES;
				CODE_SIGN_STYLE = Automatic;
				DEVELOPMENT_TEAM = WJMW7HLW85;
				INFOPLIST_FILE = HHModuleUITests/Info.plist;
				LD_RUNPATH_SEARCH_PATHS = (
					"$(inherited)",
					"@executable_path/Frameworks",
					"@loader_path/Frameworks",
				);
				PRODUCT_BUNDLE_IDENTIFIER = com.howie.HHModuleUITests;
				PRODUCT_NAME = "$(TARGET_NAME)";
				SWIFT_VERSION = 5.0;
				TARGETED_DEVICE_FAMILY = "1,2";
				TEST_TARGET_NAME = HHModule;
			};
			name = Debug;
		};
		DA591CCB24A5EEF900B24DBB /* Release */ = {
			isa = XCBuildConfiguration;
			buildSettings = {
				ALWAYS_EMBED_SWIFT_STANDARD_LIBRARIES = YES;
				CODE_SIGN_STYLE = Automatic;
				DEVELOPMENT_TEAM = WJMW7HLW85;
				INFOPLIST_FILE = HHModuleUITests/Info.plist;
				LD_RUNPATH_SEARCH_PATHS = (
					"$(inherited)",
					"@executable_path/Frameworks",
					"@loader_path/Frameworks",
				);
				PRODUCT_BUNDLE_IDENTIFIER = com.howie.HHModuleUITests;
				PRODUCT_NAME = "$(TARGET_NAME)";
				SWIFT_VERSION = 5.0;
				TARGETED_DEVICE_FAMILY = "1,2";
				TEST_TARGET_NAME = HHModule;
			};
			name = Release;
		};
/* End XCBuildConfiguration section */

/* Begin XCConfigurationList section */
		DA591C9424A5EEF400B24DBB /* Build configuration list for PBXProject "HHModule" */ = {
			isa = XCConfigurationList;
			buildConfigurations = (
				DA591CC124A5EEF900B24DBB /* Debug */,
				DA591CC224A5EEF900B24DBB /* Release */,
			);
			defaultConfigurationIsVisible = 0;
			defaultConfigurationName = Release;
		};
		DA591CC324A5EEF900B24DBB /* Build configuration list for PBXNativeTarget "HHModule" */ = {
			isa = XCConfigurationList;
			buildConfigurations = (
				DA591CC424A5EEF900B24DBB /* Debug */,
				DA591CC524A5EEF900B24DBB /* Release */,
			);
			defaultConfigurationIsVisible = 0;
			defaultConfigurationName = Release;
		};
		DA591CC624A5EEF900B24DBB /* Build configuration list for PBXNativeTarget "HHModuleTests" */ = {
			isa = XCConfigurationList;
			buildConfigurations = (
				DA591CC724A5EEF900B24DBB /* Debug */,
				DA591CC824A5EEF900B24DBB /* Release */,
			);
			defaultConfigurationIsVisible = 0;
			defaultConfigurationName = Release;
		};
		DA591CC924A5EEF900B24DBB /* Build configuration list for PBXNativeTarget "HHModuleUITests" */ = {
			isa = XCConfigurationList;
			buildConfigurations = (
				DA591CCA24A5EEF900B24DBB /* Debug */,
				DA591CCB24A5EEF900B24DBB /* Release */,
			);
			defaultConfigurationIsVisible = 0;
			defaultConfigurationName = Release;
		};
/* End XCConfigurationList section */

/* Begin XCRemoteSwiftPackageReference section */
		DA47B61D24A9CE470088800B /* XCRemoteSwiftPackageReference "promises" */ = {
			isa = XCRemoteSwiftPackageReference;
			repositoryURL = "https://github.com/google/promises";
			requirement = {
				kind = upToNextMajorVersion;
				minimumVersion = 1.2.9;
			};
		};
		DA591D0224A6319800B24DBB /* XCRemoteSwiftPackageReference "SnapKit" */ = {
			isa = XCRemoteSwiftPackageReference;
			repositoryURL = "https://github.com/SnapKit/SnapKit.git";
			requirement = {
				kind = upToNextMajorVersion;
				minimumVersion = 5.0.1;
			};
		};
/* End XCRemoteSwiftPackageReference section */

/* Begin XCSwiftPackageProductDependency section */
		DA47B61E24A9CE470088800B /* Promises */ = {
			isa = XCSwiftPackageProductDependency;
			package = DA47B61D24A9CE470088800B /* XCRemoteSwiftPackageReference "promises" */;
			productName = Promises;
		};
		DA591D0324A6319800B24DBB /* SnapKit */ = {
			isa = XCSwiftPackageProductDependency;
			package = DA591D0224A6319800B24DBB /* XCRemoteSwiftPackageReference "SnapKit" */;
			productName = SnapKit;
		};
/* End XCSwiftPackageProductDependency section */
	};
	rootObject = DA591C9124A5EEF400B24DBB /* Project object */;
}
